
Microsoft Visual Studio Solution File, Format Version 12.00
# Visual Studio Version 17
VisualStudioVersion = 17.7.34202.233
MinimumVisualStudioVersion = 10.0.40219.1
Project("{FAE04EC0-301F-11D3-BF4B-00C04F79EFBC}") = "Exam-Actividad-orden", "Exam-Actividad-orden.csproj", "{3A26FB3A-73A5-4516-9D91-D82044D5CA27}"
EndProject
Global
	GlobalSection(SolutionConfigurationPlatforms) = preSolution
		Debug|Any CPU = Debug|Any CPU
		Release|Any CPU = Release|Any CPU
	EndGlobalSection
	GlobalSection(ProjectConfigurationPlatforms) = postSolution
		{3A26FB3A-73A5-4516-9D91-D82044D5CA27}.Debug|Any CPU.ActiveCfg = Debug|Any CPU
		{3A26FB3A-73A5-4516-9D91-D82044D5CA27}.Debug|Any CPU.Build.0 = Debug|Any CPU
		{3A26FB3A-73A5-4516-9D91-D82044D5CA27}.Release|Any CPU.ActiveCfg = Release|Any CPU
		{3A26FB3A-73A5-4516-9D91-D82044D5CA27}.Release|Any CPU.Build.0 = Release|Any CPU
	EndGlobalSection
	GlobalSection(SolutionProperties) = preSolution
		HideSolutionNode = FALSE
	EndGlobalSection
	GlobalSection(ExtensibilityGlobals) = postSolution
		SolutionGuid = {FEDE6A92-2F7C-4039-B98D-222B610A1BF0}
	EndGlobalSection
EndGlobal
